// !$*UTF8*$!
{
	archiveVersion = 1;
	classes = {
	};
	objectVersion = 46;
	objects = {

/* Begin PBXBuildFile section */
		40D900461F62962100355457 /* Arithmetic.swift in Sources */ = {isa = PBXBuildFile; fileRef = 40D900451F62962100355457 /* Arithmetic.swift */; };
		40D9004A1F62979100355457 /* CStyleIncrement.swift in Sources */ = {isa = PBXBuildFile; fileRef = 40D900491F62979100355457 /* CStyleIncrement.swift */; };
		40D9004E1F629AB300355457 /* CStyleIncrementTest.swift in Sources */ = {isa = PBXBuildFile; fileRef = 40D9004D1F629AB300355457 /* CStyleIncrementTest.swift */; };
		40D900501F629FFA00355457 /* Round.swift in Sources */ = {isa = PBXBuildFile; fileRef = 40D9004F1F629FFA00355457 /* Round.swift */; };
		40D900521F62A14D00355457 /* RoundTest.swift in Sources */ = {isa = PBXBuildFile; fileRef = 40D900511F62A14D00355457 /* RoundTest.swift */; };
		40D900541F62A26200355457 /* Power.swift in Sources */ = {isa = PBXBuildFile; fileRef = 40D900531F62A26200355457 /* Power.swift */; };
		40D900561F62A31100355457 /* PowerTest.swift in Sources */ = {isa = PBXBuildFile; fileRef = 40D900551F62A31100355457 /* PowerTest.swift */; };
		40D900591F62A39400355457 /* Vector2D.swift in Sources */ = {isa = PBXBuildFile; fileRef = 40D900581F62A39400355457 /* Vector2D.swift */; };
		40D9005B1F62A4E400355457 /* Vector2DTest.swift in Sources */ = {isa = PBXBuildFile; fileRef = 40D9005A1F62A4E400355457 /* Vector2DTest.swift */; };
		40D9005D1F62A59600355457 /* VectorDimensionType.swift in Sources */ = {isa = PBXBuildFile; fileRef = 40D9005C1F62A59600355457 /* VectorDimensionType.swift */; };
		40DA4AFF1F62A9B300142B14 /* Negatable.swift in Sources */ = {isa = PBXBuildFile; fileRef = 40DA4AFE1F62A9B300142B14 /* Negatable.swift */; };
		40DA4B221F62BFFB00142B14 /* Random.swift in Sources */ = {isa = PBXBuildFile; fileRef = 40DA4B211F62BFFB00142B14 /* Random.swift */; };
		40DA4B241F62C00800142B14 /* RandomTest.swift in Sources */ = {isa = PBXBuildFile; fileRef = 40DA4B231F62C00800142B14 /* RandomTest.swift */; };
/* End PBXBuildFile section */

/* Begin PBXFileReference section */
		40D9003C1F62958600355457 /* SwiftyNumbersTest.xctest */ = {isa = PBXFileReference; explicitFileType = wrapper.cfbundle; includeInIndex = 0; path = SwiftyNumbersTest.xctest; sourceTree = BUILT_PRODUCTS_DIR; };
		40D900401F62958600355457 /* Info.plist */ = {isa = PBXFileReference; lastKnownFileType = text.plist.xml; path = Info.plist; sourceTree = "<group>"; };
		40D900451F62962100355457 /* Arithmetic.swift */ = {isa = PBXFileReference; fileEncoding = 4; lastKnownFileType = sourcecode.swift; path = Arithmetic.swift; sourceTree = "<group>"; };
		40D900491F62979100355457 /* CStyleIncrement.swift */ = {isa = PBXFileReference; fileEncoding = 4; lastKnownFileType = sourcecode.swift; path = CStyleIncrement.swift; sourceTree = "<group>"; };
		40D9004B1F6298C600355457 /* README.md */ = {isa = PBXFileReference; fileEncoding = 4; lastKnownFileType = net.daringfireball.markdown; path = README.md; sourceTree = "<group>"; };
		40D9004D1F629AB300355457 /* CStyleIncrementTest.swift */ = {isa = PBXFileReference; fileEncoding = 4; lastKnownFileType = sourcecode.swift; path = CStyleIncrementTest.swift; sourceTree = "<group>"; };
		40D9004F1F629FFA00355457 /* Round.swift */ = {isa = PBXFileReference; fileEncoding = 4; lastKnownFileType = sourcecode.swift; path = Round.swift; sourceTree = "<group>"; };
		40D900511F62A14D00355457 /* RoundTest.swift */ = {isa = PBXFileReference; fileEncoding = 4; lastKnownFileType = sourcecode.swift; path = RoundTest.swift; sourceTree = "<group>"; };
		40D900531F62A26200355457 /* Power.swift */ = {isa = PBXFileReference; fileEncoding = 4; lastKnownFileType = sourcecode.swift; path = Power.swift; sourceTree = "<group>"; };
		40D900551F62A31100355457 /* PowerTest.swift */ = {isa = PBXFileReference; fileEncoding = 4; lastKnownFileType = sourcecode.swift; path = PowerTest.swift; sourceTree = "<group>"; };
		40D900581F62A39400355457 /* Vector2D.swift */ = {isa = PBXFileReference; fileEncoding = 4; lastKnownFileType = sourcecode.swift; path = Vector2D.swift; sourceTree = "<group>"; };
		40D9005A1F62A4E400355457 /* Vector2DTest.swift */ = {isa = PBXFileReference; fileEncoding = 4; lastKnownFileType = sourcecode.swift; path = Vector2DTest.swift; sourceTree = "<group>"; };
		40D9005C1F62A59600355457 /* VectorDimensionType.swift */ = {isa = PBXFileReference; fileEncoding = 4; lastKnownFileType = sourcecode.swift; path = VectorDimensionType.swift; sourceTree = "<group>"; };
		40DA4AFE1F62A9B300142B14 /* Negatable.swift */ = {isa = PBXFileReference; fileEncoding = 4; lastKnownFileType = sourcecode.swift; path = Negatable.swift; sourceTree = "<group>"; };
		40DA4B211F62BFFB00142B14 /* Random.swift */ = {isa = PBXFileReference; fileEncoding = 4; lastKnownFileType = sourcecode.swift; path = Random.swift; sourceTree = "<group>"; };
		40DA4B231F62C00800142B14 /* RandomTest.swift */ = {isa = PBXFileReference; fileEncoding = 4; lastKnownFileType = sourcecode.swift; path = RandomTest.swift; sourceTree = "<group>"; };
/* End PBXFileReference section */

/* Begin PBXFrameworksBuildPhase section */
		40D900391F62958600355457 /* Frameworks */ = {
			isa = PBXFrameworksBuildPhase;
			buildActionMask = 2147483647;
			files = (
			);
			runOnlyForDeploymentPostprocessing = 0;
		};
/* End PBXFrameworksBuildPhase section */

/* Begin PBXGroup section */
		40D900251F62956300355457 = {
			isa = PBXGroup;
			children = (
				40D9004B1F6298C600355457 /* README.md */,
				40D900301F62956300355457 /* SwiftyNumbers */,
				40D9003D1F62958600355457 /* SwiftyNumbersTest */,
				40D9002F1F62956300355457 /* Products */,
			);
			sourceTree = "<group>";
		};
		40D9002F1F62956300355457 /* Products */ = {
			isa = PBXGroup;
			children = (
				40D9003C1F62958600355457 /* SwiftyNumbersTest.xctest */,
			);
			name = Products;
			sourceTree = "<group>";
		};
		40D900301F62956300355457 /* SwiftyNumbers */ = {
			isa = PBXGroup;
			children = (
				40D900491F62979100355457 /* CStyleIncrement.swift */,
				40D9004F1F629FFA00355457 /* Round.swift */,
				40D900531F62A26200355457 /* Power.swift */,
				40DA4B211F62BFFB00142B14 /* Random.swift */,
				40D900571F62A38500355457 /* Vector */,
				40D900441F62961500355457 /* Protocols */,
			);
			path = SwiftyNumbers;
			sourceTree = "<group>";
		};
		40D9003D1F62958600355457 /* SwiftyNumbersTest */ = {
			isa = PBXGroup;
			children = (
				40D9004D1F629AB300355457 /* CStyleIncrementTest.swift */,
				40D9005A1F62A4E400355457 /* Vector2DTest.swift */,
				40D900511F62A14D00355457 /* RoundTest.swift */,
				40D900551F62A31100355457 /* PowerTest.swift */,
				40DA4B231F62C00800142B14 /* RandomTest.swift */,
				40D900401F62958600355457 /* Info.plist */,
			);
			path = SwiftyNumbersTest;
			sourceTree = "<group>";
		};
		40D900441F62961500355457 /* Protocols */ = {
			isa = PBXGroup;
			children = (
				40D900451F62962100355457 /* Arithmetic.swift */,
				40DA4AFE1F62A9B300142B14 /* Negatable.swift */,
				40D9005C1F62A59600355457 /* VectorDimensionType.swift */,
			);
			name = Protocols;
			sourceTree = "<group>";
		};
		40D900571F62A38500355457 /* Vector */ = {
			isa = PBXGroup;
			children = (
				40D900581F62A39400355457 /* Vector2D.swift */,
			);
			name = Vector;
			sourceTree = "<group>";
		};
/* End PBXGroup section */

/* Begin PBXNativeTarget section */
		40D9003B1F62958600355457 /* SwiftyNumbersTest */ = {
			isa = PBXNativeTarget;
			buildConfigurationList = 40D900411F62958600355457 /* Build configuration list for PBXNativeTarget "SwiftyNumbersTest" */;
			buildPhases = (
				40D900381F62958600355457 /* Sources */,
				40D900391F62958600355457 /* Frameworks */,
				40D9003A1F62958600355457 /* Resources */,
			);
			buildRules = (
			);
			dependencies = (
			);
			name = SwiftyNumbersTest;
			productName = SwiftyNumbersTest;
			productReference = 40D9003C1F62958600355457 /* SwiftyNumbersTest.xctest */;
			productType = "com.apple.product-type.bundle.unit-test";
		};
/* End PBXNativeTarget section */

/* Begin PBXProject section */
		40D900261F62956300355457 /* Project object */ = {
			isa = PBXProject;
			attributes = {
				LastSwiftUpdateCheck = 0830;
				LastUpgradeCheck = 0830;
				ORGANIZATIONNAME = "Noah Peeters";
				TargetAttributes = {
					40D9003B1F62958600355457 = {
						CreatedOnToolsVersion = 8.3.3;
						DevelopmentTeam = 52A793VRAY;
						ProvisioningStyle = Automatic;
					};
				};
			};
			buildConfigurationList = 40D900291F62956300355457 /* Build configuration list for PBXProject "SwiftyNumbers" */;
			compatibilityVersion = "Xcode 3.2";
			developmentRegion = English;
			hasScannedForEncodings = 0;
			knownRegions = (
				en,
			);
			mainGroup = 40D900251F62956300355457;
			productRefGroup = 40D9002F1F62956300355457 /* Products */;
			projectDirPath = "";
			projectRoot = "";
			targets = (
				40D9003B1F62958600355457 /* SwiftyNumbersTest */,
			);
		};
/* End PBXProject section */

/* Begin PBXResourcesBuildPhase section */
		40D9003A1F62958600355457 /* Resources */ = {
			isa = PBXResourcesBuildPhase;
			buildActionMask = 2147483647;
			files = (
			);
			runOnlyForDeploymentPostprocessing = 0;
		};
/* End PBXResourcesBuildPhase section */

/* Begin PBXSourcesBuildPhase section */
		40D900381F62958600355457 /* Sources */ = {
			isa = PBXSourcesBuildPhase;
			buildActionMask = 2147483647;
			files = (
				40D9004A1F62979100355457 /* CStyleIncrement.swift in Sources */,
				40D900591F62A39400355457 /* Vector2D.swift in Sources */,
				40D900461F62962100355457 /* Arithmetic.swift in Sources */,
				40D900521F62A14D00355457 /* RoundTest.swift in Sources */,
				40D9005D1F62A59600355457 /* VectorDimensionType.swift in Sources */,
				40DA4B241F62C00800142B14 /* RandomTest.swift in Sources */,
				40D900501F629FFA00355457 /* Round.swift in Sources */,
				40D900541F62A26200355457 /* Power.swift in Sources */,
				40D9004E1F629AB300355457 /* CStyleIncrementTest.swift in Sources */,
				40DA4B221F62BFFB00142B14 /* Random.swift in Sources */,
				40DA4AFF1F62A9B300142B14 /* Negatable.swift in Sources */,
				40D9005B1F62A4E400355457 /* Vector2DTest.swift in Sources */,
				40D900561F62A31100355457 /* PowerTest.swift in Sources */,
			);
			runOnlyForDeploymentPostprocessing = 0;
		};
/* End PBXSourcesBuildPhase section */

/* Begin XCBuildConfiguration section */
		40D900331F62956300355457 /* Debug */ = {
			isa = XCBuildConfiguration;
			buildSettings = {
				ALWAYS_SEARCH_USER_PATHS = NO;
				CLANG_ANALYZER_NONNULL = YES;
				CLANG_ANALYZER_NUMBER_OBJECT_CONVERSION = YES_AGGRESSIVE;
				CLANG_CXX_LANGUAGE_STANDARD = "gnu++0x";
				CLANG_CXX_LIBRARY = "libc++";
				CLANG_ENABLE_MODULES = YES;
				CLANG_ENABLE_OBJC_ARC = YES;
				CLANG_WARN_BOOL_CONVERSION = YES;
				CLANG_WARN_CONSTANT_CONVERSION = YES;
				CLANG_WARN_DIRECT_OBJC_ISA_USAGE = YES_ERROR;
				CLANG_WARN_DOCUMENTATION_COMMENTS = YES;
				CLANG_WARN_EMPTY_BODY = YES;
				CLANG_WARN_ENUM_CONVERSION = YES;
				CLANG_WARN_INFINITE_RECURSION = YES;
				CLANG_WARN_INT_CONVERSION = YES;
				CLANG_WARN_OBJC_ROOT_CLASS = YES_ERROR;
				CLANG_WARN_SUSPICIOUS_MOVE = YES;
				CLANG_WARN_UNREACHABLE_CODE = YES;
				CLANG_WARN__DUPLICATE_METHOD_MATCH = YES;
				CODE_SIGN_IDENTITY = "-";
				COPY_PHASE_STRIP = NO;
				DEBUG_INFORMATION_FORMAT = dwarf;
				ENABLE_STRICT_OBJC_MSGSEND = YES;
				ENABLE_TESTABILITY = YES;
				GCC_C_LANGUAGE_STANDARD = gnu99;
				GCC_DYNAMIC_NO_PIC = NO;
				GCC_NO_COMMON_BLOCKS = YES;
				GCC_OPTIMIZATION_LEVEL = 0;
				GCC_PREPROCESSOR_DEFINITIONS = (
					"DEBUG=1",
					"$(inherited)",
				);
				GCC_WARN_64_TO_32_BIT_CONVERSION = YES;
				GCC_WARN_ABOUT_RETURN_TYPE = YES_ERROR;
				GCC_WARN_UNDECLARED_SELECTOR = YES;
				GCC_WARN_UNINITIALIZED_AUTOS = YES_AGGRESSIVE;
				GCC_WARN_UNUSED_FUNCTION = YES;
				GCC_WARN_UNUSED_VARIABLE = YES;
				MACOSX_DEPLOYMENT_TARGET = 10.12;
				MTL_ENABLE_DEBUG_INFO = YES;
				ONLY_ACTIVE_ARCH = YES;
				SDKROOT = macosx;
				SWIFT_OPTIMIZATION_LEVEL = "-Onone";
			};
			name = Debug;
		};
		40D900341F62956300355457 /* Release */ = {
			isa = XCBuildConfiguration;
			buildSettings = {
				ALWAYS_SEARCH_USER_PATHS = NO;
				CLANG_ANALYZER_NONNULL = YES;
				CLANG_ANALYZER_NUMBER_OBJECT_CONVERSION = YES_AGGRESSIVE;
				CLANG_CXX_LANGUAGE_STANDARD = "gnu++0x";
				CLANG_CXX_LIBRARY = "libc++";
				CLANG_ENABLE_MODULES = YES;
				CLANG_ENABLE_OBJC_ARC = YES;
				CLANG_WARN_BOOL_CONVERSION = YES;
				CLANG_WARN_CONSTANT_CONVERSION = YES;
				CLANG_WARN_DIRECT_OBJC_ISA_USAGE = YES_ERROR;
				CLANG_WARN_DOCUMENTATION_COMMENTS = YES;
				CLANG_WARN_EMPTY_BODY = YES;
				CLANG_WARN_ENUM_CONVERSION = YES;
				CLANG_WARN_INFINITE_RECURSION = YES;
				CLANG_WARN_INT_CONVERSION = YES;
				CLANG_WARN_OBJC_ROOT_CLASS = YES_ERROR;
				CLANG_WARN_SUSPICIOUS_MOVE = YES;
				CLANG_WARN_UNREACHABLE_CODE = YES;
				CLANG_WARN__DUPLICATE_METHOD_MATCH = YES;
				CODE_SIGN_IDENTITY = "-";
				COPY_PHASE_STRIP = NO;
				DEBUG_INFORMATION_FORMAT = "dwarf-with-dsym";
				ENABLE_NS_ASSERTIONS = NO;
				ENABLE_STRICT_OBJC_MSGSEND = YES;
				GCC_C_LANGUAGE_STANDARD = gnu99;
				GCC_NO_COMMON_BLOCKS = YES;
				GCC_WARN_64_TO_32_BIT_CONVERSION = YES;
				GCC_WARN_ABOUT_RETURN_TYPE = YES_ERROR;
				GCC_WARN_UNDECLARED_SELECTOR = YES;
				GCC_WARN_UNINITIALIZED_AUTOS = YES_AGGRESSIVE;
				GCC_WARN_UNUSED_FUNCTION = YES;
				GCC_WARN_UNUSED_VARIABLE = YES;
				MACOSX_DEPLOYMENT_TARGET = 10.12;
				MTL_ENABLE_DEBUG_INFO = NO;
				SDKROOT = macosx;
			};
			name = Release;
		};
		40D900421F62958600355457 /* Debug */ = {
			isa = XCBuildConfiguration;
			buildSettings = {
				COMBINE_HIDPI_IMAGES = YES;
				DEVELOPMENT_TEAM = 52A793VRAY;
				INFOPLIST_FILE = SwiftyNumbersTest/Info.plist;
				LD_RUNPATH_SEARCH_PATHS = "$(inherited) @executable_path/../Frameworks @loader_path/../Frameworks";
				PRODUCT_BUNDLE_IDENTIFIER = to.us.peeters.SwiftyNumbersTest;
				PRODUCT_NAME = "$(TARGET_NAME)";
				SWIFT_ACTIVE_COMPILATION_CONDITIONS = DEBUG;
				SWIFT_VERSION = 3.0;
			};
			name = Debug;
		};
		40D900431F62958600355457 /* Release */ = {
			isa = XCBuildConfiguration;
			buildSettings = {
				COMBINE_HIDPI_IMAGES = YES;
				DEVELOPMENT_TEAM = 52A793VRAY;
				INFOPLIST_FILE = SwiftyNumbersTest/Info.plist;
				LD_RUNPATH_SEARCH_PATHS = "$(inherited) @executable_path/../Frameworks @loader_path/../Frameworks";
				PRODUCT_BUNDLE_IDENTIFIER = to.us.peeters.SwiftyNumbersTest;
				PRODUCT_NAME = "$(TARGET_NAME)";
				SWIFT_OPTIMIZATION_LEVEL = "-Owholemodule";
				SWIFT_VERSION = 3.0;
			};
			name = Release;
		};
/* End XCBuildConfiguration section */

/* Begin XCConfigurationList section */
		40D900291F62956300355457 /* Build configuration list for PBXProject "SwiftyNumbers" */ = {
			isa = XCConfigurationList;
			buildConfigurations = (
				40D900331F62956300355457 /* Debug */,
				40D900341F62956300355457 /* Release */,
			);
			defaultConfigurationIsVisible = 0;
			defaultConfigurationName = Release;
		};
		40D900411F62958600355457 /* Build configuration list for PBXNativeTarget "SwiftyNumbersTest" */ = {
			isa = XCConfigurationList;
			buildConfigurations = (
				40D900421F62958600355457 /* Debug */,
				40D900431F62958600355457 /* Release */,
			);
			defaultConfigurationIsVisible = 0;
			defaultConfigurationName = Release;
		};
/* End XCConfigurationList section */
	};
	rootObject = 40D900261F62956300355457 /* Project object */;
}
